
Microsoft Visual Studio Solution File, Format Version 12.00
# Visual Studio 14
VisualStudioVersion = 14.0.25420.1
MinimumVisualStudioVersion = 10.0.40219.1
Project("{8BC9CEB8-8B4A-11D0-8D11-00A0C91BC942}") = "MyHades", "MyHades\MyHades.vcxproj", "{547A6253-AB81-41D4-A921-1D12E229DD93}"
EndProject
Project("{2150E333-8FDC-42A3-9474-1A3956D46DE8}") = "Headers", "Headers", "{EE05A76B-596C-4BA7-804D-12A93BC84EF5}"
	ProjectSection(SolutionItems) = preProject
		Headers\Define.h = Headers\Define.h
		Headers\Enum.h = Headers\Enum.h
		Headers\Extern.h = Headers\Extern.h
		Headers\Function.h = Headers\Function.h
		Headers\Functor.h = Headers\Functor.h
		Headers\Struct.h = Headers\Struct.h
	EndProjectSection
EndProject
Project("{8BC9CEB8-8B4A-11D0-8D11-00A0C91BC942}") = "Tool", "Tool\Tool.vcxproj", "{D7E20832-17A3-4752-8A2E-E6A77070FAF3}"
EndProject
Global
	GlobalSection(SolutionConfigurationPlatforms) = preSolution
		Debug|x64 = Debug|x64
		Debug|x86 = Debug|x86
		Release|x64 = Release|x64
		Release|x86 = Release|x86
	EndGlobalSection
	GlobalSection(ProjectConfigurationPlatforms) = postSolution
		{547A6253-AB81-41D4-A921-1D12E229DD93}.Debug|x64.ActiveCfg = Debug|x64
		{547A6253-AB81-41D4-A921-1D12E229DD93}.Debug|x64.Build.0 = Debug|x64
		{547A6253-AB81-41D4-A921-1D12E229DD93}.Debug|x86.ActiveCfg = Debug|Win32
		{547A6253-AB81-41D4-A921-1D12E229DD93}.Debug|x86.Build.0 = Debug|Win32
		{547A6253-AB81-41D4-A921-1D12E229DD93}.Release|x64.ActiveCfg = Release|x64
		{547A6253-AB81-41D4-A921-1D12E229DD93}.Release|x64.Build.0 = Release|x64
		{547A6253-AB81-41D4-A921-1D12E229DD93}.Release|x86.ActiveCfg = Release|Win32
		{547A6253-AB81-41D4-A921-1D12E229DD93}.Release|x86.Build.0 = Release|Win32
		{D7E20832-17A3-4752-8A2E-E6A77070FAF3}.Debug|x64.ActiveCfg = Debug|x64
		{D7E20832-17A3-4752-8A2E-E6A77070FAF3}.Debug|x64.Build.0 = Debug|x64
		{D7E20832-17A3-4752-8A2E-E6A77070FAF3}.Debug|x86.ActiveCfg = Debug|Win32
		{D7E20832-17A3-4752-8A2E-E6A77070FAF3}.Debug|x86.Build.0 = Debug|Win32
		{D7E20832-17A3-4752-8A2E-E6A77070FAF3}.Release|x64.ActiveCfg = Release|x64
		{D7E20832-17A3-4752-8A2E-E6A77070FAF3}.Release|x64.Build.0 = Release|x64
		{D7E20832-17A3-4752-8A2E-E6A77070FAF3}.Release|x86.ActiveCfg = Release|Win32
		{D7E20832-17A3-4752-8A2E-E6A77070FAF3}.Release|x86.Build.0 = Release|Win32
	EndGlobalSection
	GlobalSection(SolutionProperties) = preSolution
		HideSolutionNode = FALSE
	EndGlobalSection
EndGlobal
